
Microsoft Visual Studio Solution File, Format Version 12.00
# Visual Studio Version 17
VisualStudioVersion = 17.7.34018.315
MinimumVisualStudioVersion = 10.0.40219.1
Project("{FAE04EC0-301F-11D3-BF4B-00C04F79EFBC}") = "inluppg2.6", "inluppg2.6\inluppg2.6.csproj", "{CA5C2F45-1271-4650-85A6-C4F7C2CAAF1B}"
EndProject
Global
	GlobalSection(SolutionConfigurationPlatforms) = preSolution
		Debug|Any CPU = Debug|Any CPU
		Release|Any CPU = Release|Any CPU
	EndGlobalSection
	GlobalSection(ProjectConfigurationPlatforms) = postSolution
		{CA5C2F45-1271-4650-85A6-C4F7C2CAAF1B}.Debug|Any CPU.ActiveCfg = Debug|Any CPU
		{CA5C2F45-1271-4650-85A6-C4F7C2CAAF1B}.Debug|Any CPU.Build.0 = Debug|Any CPU
		{CA5C2F45-1271-4650-85A6-C4F7C2CAAF1B}.Release|Any CPU.ActiveCfg = Release|Any CPU
		{CA5C2F45-1271-4650-85A6-C4F7C2CAAF1B}.Release|Any CPU.Build.0 = Release|Any CPU
	EndGlobalSection
	GlobalSection(SolutionProperties) = preSolution
		HideSolutionNode = FALSE
	EndGlobalSection
	GlobalSection(ExtensibilityGlobals) = postSolution
		SolutionGuid = {21E5607C-E64E-48F6-85A6-57A03158854D}
	EndGlobalSection
EndGlobal
